
Microsoft Visual Studio Solution File, Format Version 12.00
# Visual Studio Version 17
VisualStudioVersion = 17.0.31903.59
MinimumVisualStudioVersion = 10.0.40219.1
Project("{FAE04EC0-301F-11D3-BF4B-00C04F79EFBC}") = "BMAAttendance", "BMAAttendance\BMAAttendance.csproj", "{27263A90-6837-400F-934D-75844A5F570B}"
EndProject
Global
	GlobalSection(SolutionConfigurationPlatforms) = preSolution
		Debug|Any CPU = Debug|Any CPU
		Release|Any CPU = Release|Any CPU
	EndGlobalSection
	GlobalSection(SolutionProperties) = preSolution
		HideSolutionNode = FALSE
	EndGlobalSection
	GlobalSection(ProjectConfigurationPlatforms) = postSolution
		{27263A90-6837-400F-934D-75844A5F570B}.Debug|Any CPU.ActiveCfg = Debug|Any CPU
		{27263A90-6837-400F-934D-75844A5F570B}.Debug|Any CPU.Build.0 = Debug|Any CPU
		{27263A90-6837-400F-934D-75844A5F570B}.Release|Any CPU.ActiveCfg = Release|Any CPU
		{27263A90-6837-400F-934D-75844A5F570B}.Release|Any CPU.Build.0 = Release|Any CPU
	EndGlobalSection
EndGlobal
